
Microsoft Visual Studio Solution File, Format Version 12.00
# Visual Studio 15
VisualStudioVersion = 15.0.28010.2016
MinimumVisualStudioVersion = 10.0.40219.1
Project("{9A19103F-16F7-4668-BE54-9A1E7A4F7556}") = "Application.Web", "Application.Web\Application.Web.csproj", "{B2BA5686-CBF6-49B6-8ADB-75A7634399AC}"
EndProject
Project("{9A19103F-16F7-4668-BE54-9A1E7A4F7556}") = "Application.Data", "Application.DAL\Application.Data.csproj", "{3C22A371-5328-49EA-AA23-3B3251068373}"
EndProject
Global
	GlobalSection(SolutionConfigurationPlatforms) = preSolution
		Debug|Any CPU = Debug|Any CPU
		Release|Any CPU = Release|Any CPU
	EndGlobalSection
	GlobalSection(ProjectConfigurationPlatforms) = postSolution
		{B2BA5686-CBF6-49B6-8ADB-75A7634399AC}.Debug|Any CPU.ActiveCfg = Debug|Any CPU
		{B2BA5686-CBF6-49B6-8ADB-75A7634399AC}.Debug|Any CPU.Build.0 = Debug|Any CPU
		{B2BA5686-CBF6-49B6-8ADB-75A7634399AC}.Release|Any CPU.ActiveCfg = Release|Any CPU
		{B2BA5686-CBF6-49B6-8ADB-75A7634399AC}.Release|Any CPU.Build.0 = Release|Any CPU
		{3C22A371-5328-49EA-AA23-3B3251068373}.Debug|Any CPU.ActiveCfg = Debug|Any CPU
		{3C22A371-5328-49EA-AA23-3B3251068373}.Debug|Any CPU.Build.0 = Debug|Any CPU
		{3C22A371-5328-49EA-AA23-3B3251068373}.Release|Any CPU.ActiveCfg = Release|Any CPU
		{3C22A371-5328-49EA-AA23-3B3251068373}.Release|Any CPU.Build.0 = Release|Any CPU
	EndGlobalSection
	GlobalSection(SolutionProperties) = preSolution
		HideSolutionNode = FALSE
	EndGlobalSection
	GlobalSection(ExtensibilityGlobals) = postSolution
		SolutionGuid = {361B5A5B-7480-4BB4-A5C3-8AC9D62AEF65}
	EndGlobalSection
EndGlobal
